Microsoft Visual Studio Solution File, Format Version 12.00
# Visual Studio 14
Project("{8BC9CEB8-8B4A-11D0-8D11-00A0C91BC942}") = "ALL_BUILD", "ALL_BUILD.vcxproj", "{01AB36F0-9A95-3FFA-8741-DA5044E24624}"
	ProjectSection(ProjectDependencies) = postProject
		{8152485A-8EBB-36AD-A18E-CDFBEFF9F4D6} = {8152485A-8EBB-36AD-A18E-CDFBEFF9F4D6}
		{CB02D975-232E-36D1-842B-88664B3806C6} = {CB02D975-232E-36D1-842B-88664B3806C6}
		{DA5B1FE9-3E1F-341C-9310-8020DA6CB7B5} = {DA5B1FE9-3E1F-341C-9310-8020DA6CB7B5}
		{C24411BC-431B-3FAB-903F-74498BE7AB00} = {C24411BC-431B-3FAB-903F-74498BE7AB00}
		{DDB8CDD1-E52F-32C9-9D0C-E1B79172E8FF} = {DDB8CDD1-E52F-32C9-9D0C-E1B79172E8FF}
		{6C227868-C460-3066-89A1-B410ED0C5869} = {6C227868-C460-3066-89A1-B410ED0C5869}
		{A2D805A9-07AA-393D-ACDB-B72A38C93791} = {A2D805A9-07AA-393D-ACDB-B72A38C93791}
	EndProjectSection
EndProject
Project("{8BC9CEB8-8B4A-11D0-8D11-00A0C91BC942}") = "ANTTWEAKBAR_116_OGLCORE_GLFW", "external\ANTTWEAKBAR_116_OGLCORE_GLFW.vcxproj", "{8152485A-8EBB-36AD-A18E-CDFBEFF9F4D6}"
	ProjectSection(ProjectDependencies) = postProject
		{DDB8CDD1-E52F-32C9-9D0C-E1B79172E8FF} = {DDB8CDD1-E52F-32C9-9D0C-E1B79172E8FF}
	EndProjectSection
EndProject
Project("{8BC9CEB8-8B4A-11D0-8D11-00A0C91BC942}") = "CG_UFPel", "CG_UFPel.vcxproj", "{CB02D975-232E-36D1-842B-88664B3806C6}"
	ProjectSection(ProjectDependencies) = postProject
		{8152485A-8EBB-36AD-A18E-CDFBEFF9F4D6} = {8152485A-8EBB-36AD-A18E-CDFBEFF9F4D6}
		{DA5B1FE9-3E1F-341C-9310-8020DA6CB7B5} = {DA5B1FE9-3E1F-341C-9310-8020DA6CB7B5}
		{C24411BC-431B-3FAB-903F-74498BE7AB00} = {C24411BC-431B-3FAB-903F-74498BE7AB00}
		{DDB8CDD1-E52F-32C9-9D0C-E1B79172E8FF} = {DDB8CDD1-E52F-32C9-9D0C-E1B79172E8FF}
		{6C227868-C460-3066-89A1-B410ED0C5869} = {6C227868-C460-3066-89A1-B410ED0C5869}
		{A2D805A9-07AA-393D-ACDB-B72A38C93791} = {A2D805A9-07AA-393D-ACDB-B72A38C93791}
	EndProjectSection
EndProject
Project("{8BC9CEB8-8B4A-11D0-8D11-00A0C91BC942}") = "GLEW_190", "external\GLEW_190.vcxproj", "{DA5B1FE9-3E1F-341C-9310-8020DA6CB7B5}"
	ProjectSection(ProjectDependencies) = postProject
		{DDB8CDD1-E52F-32C9-9D0C-E1B79172E8FF} = {DDB8CDD1-E52F-32C9-9D0C-E1B79172E8FF}
	EndProjectSection
EndProject
Project("{8BC9CEB8-8B4A-11D0-8D11-00A0C91BC942}") = "GLFW_303", "external\glfw-3.0.3\src\GLFW_303.vcxproj", "{C24411BC-431B-3FAB-903F-74498BE7AB00}"
	ProjectSection(ProjectDependencies) = postProject
		{DDB8CDD1-E52F-32C9-9D0C-E1B79172E8FF} = {DDB8CDD1-E52F-32C9-9D0C-E1B79172E8FF}
	EndProjectSection
EndProject
Project("{8BC9CEB8-8B4A-11D0-8D11-00A0C91BC942}") = "INSTALL", "INSTALL.vcxproj", "{7B26B097-1067-3998-9CCA-3F0B9BBDC214}"
	ProjectSection(ProjectDependencies) = postProject
		{01AB36F0-9A95-3FFA-8741-DA5044E24624} = {01AB36F0-9A95-3FFA-8741-DA5044E24624}
		{DDB8CDD1-E52F-32C9-9D0C-E1B79172E8FF} = {DDB8CDD1-E52F-32C9-9D0C-E1B79172E8FF}
	EndProjectSection
EndProject
Project("{8BC9CEB8-8B4A-11D0-8D11-00A0C91BC942}") = "ZERO_CHECK", "ZERO_CHECK.vcxproj", "{DDB8CDD1-E52F-32C9-9D0C-E1B79172E8FF}"
	ProjectSection(ProjectDependencies) = postProject
	EndProjectSection
EndProject
Project("{8BC9CEB8-8B4A-11D0-8D11-00A0C91BC942}") = "assimp", "external\assimp-3.0.1270\code\assimp.vcxproj", "{6C227868-C460-3066-89A1-B410ED0C5869}"
	ProjectSection(ProjectDependencies) = postProject
		{DDB8CDD1-E52F-32C9-9D0C-E1B79172E8FF} = {DDB8CDD1-E52F-32C9-9D0C-E1B79172E8FF}
		{A2D805A9-07AA-393D-ACDB-B72A38C93791} = {A2D805A9-07AA-393D-ACDB-B72A38C93791}
	EndProjectSection
EndProject
Project("{8BC9CEB8-8B4A-11D0-8D11-00A0C91BC942}") = "zlib", "external\assimp-3.0.1270\contrib\zlib\zlib.vcxproj", "{A2D805A9-07AA-393D-ACDB-B72A38C93791}"
	ProjectSection(ProjectDependencies) = postProject
		{DDB8CDD1-E52F-32C9-9D0C-E1B79172E8FF} = {DDB8CDD1-E52F-32C9-9D0C-E1B79172E8FF}
	EndProjectSection
EndProject
Global
	GlobalSection(SolutionConfigurationPlatforms) = preSolution
		Debug|Win32 = Debug|Win32
		Release|Win32 = Release|Win32
		MinSizeRel|Win32 = MinSizeRel|Win32
		RelWithDebInfo|Win32 = RelWithDebInfo|Win32
	EndGlobalSection
	GlobalSection(ProjectConfigurationPlatforms) = postSolution
		{01AB36F0-9A95-3FFA-8741-DA5044E24624}.Debug|Win32.ActiveCfg = Debug|Win32
		{01AB36F0-9A95-3FFA-8741-DA5044E24624}.Debug|Win32.Build.0 = Debug|Win32
		{01AB36F0-9A95-3FFA-8741-DA5044E24624}.Release|Win32.ActiveCfg = Release|Win32
		{01AB36F0-9A95-3FFA-8741-DA5044E24624}.Release|Win32.Build.0 = Release|Win32
		{01AB36F0-9A95-3FFA-8741-DA5044E24624}.MinSizeRel|Win32.ActiveCfg = MinSizeRel|Win32
		{01AB36F0-9A95-3FFA-8741-DA5044E24624}.MinSizeRel|Win32.Build.0 = MinSizeRel|Win32
		{01AB36F0-9A95-3FFA-8741-DA5044E24624}.RelWithDebInfo|Win32.ActiveCfg = RelWithDebInfo|Win32
		{01AB36F0-9A95-3FFA-8741-DA5044E24624}.RelWithDebInfo|Win32.Build.0 = RelWithDebInfo|Win32
		{8152485A-8EBB-36AD-A18E-CDFBEFF9F4D6}.Debug|Win32.ActiveCfg = Debug|Win32
		{8152485A-8EBB-36AD-A18E-CDFBEFF9F4D6}.Debug|Win32.Build.0 = Debug|Win32
		{8152485A-8EBB-36AD-A18E-CDFBEFF9F4D6}.Release|Win32.ActiveCfg = Release|Win32
		{8152485A-8EBB-36AD-A18E-CDFBEFF9F4D6}.Release|Win32.Build.0 = Release|Win32
		{8152485A-8EBB-36AD-A18E-CDFBEFF9F4D6}.MinSizeRel|Win32.ActiveCfg = MinSizeRel|Win32
		{8152485A-8EBB-36AD-A18E-CDFBEFF9F4D6}.MinSizeRel|Win32.Build.0 = MinSizeRel|Win32
		{8152485A-8EBB-36AD-A18E-CDFBEFF9F4D6}.RelWithDebInfo|Win32.ActiveCfg = RelWithDebInfo|Win32
		{8152485A-8EBB-36AD-A18E-CDFBEFF9F4D6}.RelWithDebInfo|Win32.Build.0 = RelWithDebInfo|Win32
		{CB02D975-232E-36D1-842B-88664B3806C6}.Debug|Win32.ActiveCfg = Debug|Win32
		{CB02D975-232E-36D1-842B-88664B3806C6}.Debug|Win32.Build.0 = Debug|Win32
		{CB02D975-232E-36D1-842B-88664B3806C6}.Release|Win32.ActiveCfg = Release|Win32
		{CB02D975-232E-36D1-842B-88664B3806C6}.Release|Win32.Build.0 = Release|Win32
		{CB02D975-232E-36D1-842B-88664B3806C6}.MinSizeRel|Win32.ActiveCfg = MinSizeRel|Win32
		{CB02D975-232E-36D1-842B-88664B3806C6}.MinSizeRel|Win32.Build.0 = MinSizeRel|Win32
		{CB02D975-232E-36D1-842B-88664B3806C6}.RelWithDebInfo|Win32.ActiveCfg = RelWithDebInfo|Win32
		{CB02D975-232E-36D1-842B-88664B3806C6}.RelWithDebInfo|Win32.Build.0 = RelWithDebInfo|Win32
		{DA5B1FE9-3E1F-341C-9310-8020DA6CB7B5}.Debug|Win32.ActiveCfg = Debug|Win32
		{DA5B1FE9-3E1F-341C-9310-8020DA6CB7B5}.Debug|Win32.Build.0 = Debug|Win32
		{DA5B1FE9-3E1F-341C-9310-8020DA6CB7B5}.Release|Win32.ActiveCfg = Release|Win32
		{DA5B1FE9-3E1F-341C-9310-8020DA6CB7B5}.Release|Win32.Build.0 = Release|Win32
		{DA5B1FE9-3E1F-341C-9310-8020DA6CB7B5}.MinSizeRel|Win32.ActiveCfg = MinSizeRel|Win32
		{DA5B1FE9-3E1F-341C-9310-8020DA6CB7B5}.MinSizeRel|Win32.Build.0 = MinSizeRel|Win32
		{DA5B1FE9-3E1F-341C-9310-8020DA6CB7B5}.RelWithDebInfo|Win32.ActiveCfg = RelWithDebInfo|Win32
		{DA5B1FE9-3E1F-341C-9310-8020DA6CB7B5}.RelWithDebInfo|Win32.Build.0 = RelWithDebInfo|Win32
		{C24411BC-431B-3FAB-903F-74498BE7AB00}.Debug|Win32.ActiveCfg = Debug|Win32
		{C24411BC-431B-3FAB-903F-74498BE7AB00}.Debug|Win32.Build.0 = Debug|Win32
		{C24411BC-431B-3FAB-903F-74498BE7AB00}.Release|Win32.ActiveCfg = Release|Win32
		{C24411BC-431B-3FAB-903F-74498BE7AB00}.Release|Win32.Build.0 = Release|Win32
		{C24411BC-431B-3FAB-903F-74498BE7AB00}.MinSizeRel|Win32.ActiveCfg = MinSizeRel|Win32
		{C24411BC-431B-3FAB-903F-74498BE7AB00}.MinSizeRel|Win32.Build.0 = MinSizeRel|Win32
		{C24411BC-431B-3FAB-903F-74498BE7AB00}.RelWithDebInfo|Win32.ActiveCfg = RelWithDebInfo|Win32
		{C24411BC-431B-3FAB-903F-74498BE7AB00}.RelWithDebInfo|Win32.Build.0 = RelWithDebInfo|Win32
		{7B26B097-1067-3998-9CCA-3F0B9BBDC214}.Debug|Win32.ActiveCfg = Debug|Win32
		{7B26B097-1067-3998-9CCA-3F0B9BBDC214}.Release|Win32.ActiveCfg = Release|Win32
		{7B26B097-1067-3998-9CCA-3F0B9BBDC214}.MinSizeRel|Win32.ActiveCfg = MinSizeRel|Win32
		{7B26B097-1067-3998-9CCA-3F0B9BBDC214}.RelWithDebInfo|Win32.ActiveCfg = RelWithDebInfo|Win32
		{DDB8CDD1-E52F-32C9-9D0C-E1B79172E8FF}.Debug|Win32.ActiveCfg = Debug|Win32
		{DDB8CDD1-E52F-32C9-9D0C-E1B79172E8FF}.Debug|Win32.Build.0 = Debug|Win32
		{DDB8CDD1-E52F-32C9-9D0C-E1B79172E8FF}.Release|Win32.ActiveCfg = Release|Win32
		{DDB8CDD1-E52F-32C9-9D0C-E1B79172E8FF}.Release|Win32.Build.0 = Release|Win32
		{DDB8CDD1-E52F-32C9-9D0C-E1B79172E8FF}.MinSizeRel|Win32.ActiveCfg = MinSizeRel|Win32
		{DDB8CDD1-E52F-32C9-9D0C-E1B79172E8FF}.MinSizeRel|Win32.Build.0 = MinSizeRel|Win32
		{DDB8CDD1-E52F-32C9-9D0C-E1B79172E8FF}.RelWithDebInfo|Win32.ActiveCfg = RelWithDebInfo|Win32
		{DDB8CDD1-E52F-32C9-9D0C-E1B79172E8FF}.RelWithDebInfo|Win32.Build.0 = RelWithDebInfo|Win32
		{6C227868-C460-3066-89A1-B410ED0C5869}.Debug|Win32.ActiveCfg = Debug|Win32
		{6C227868-C460-3066-89A1-B410ED0C5869}.Debug|Win32.Build.0 = Debug|Win32
		{6C227868-C460-3066-89A1-B410ED0C5869}.Release|Win32.ActiveCfg = Release|Win32
		{6C227868-C460-3066-89A1-B410ED0C5869}.Release|Win32.Build.0 = Release|Win32
		{6C227868-C460-3066-89A1-B410ED0C5869}.MinSizeRel|Win32.ActiveCfg = MinSizeRel|Win32
		{6C227868-C460-3066-89A1-B410ED0C5869}.MinSizeRel|Win32.Build.0 = MinSizeRel|Win32
		{6C227868-C460-3066-89A1-B410ED0C5869}.RelWithDebInfo|Win32.ActiveCfg = RelWithDebInfo|Win32
		{6C227868-C460-3066-89A1-B410ED0C5869}.RelWithDebInfo|Win32.Build.0 = RelWithDebInfo|Win32
		{A2D805A9-07AA-393D-ACDB-B72A38C93791}.Debug|Win32.ActiveCfg = Debug|Win32
		{A2D805A9-07AA-393D-ACDB-B72A38C93791}.Debug|Win32.Build.0 = Debug|Win32
		{A2D805A9-07AA-393D-ACDB-B72A38C93791}.Release|Win32.ActiveCfg = Release|Win32
		{A2D805A9-07AA-393D-ACDB-B72A38C93791}.Release|Win32.Build.0 = Release|Win32
		{A2D805A9-07AA-393D-ACDB-B72A38C93791}.MinSizeRel|Win32.ActiveCfg = MinSizeRel|Win32
		{A2D805A9-07AA-393D-ACDB-B72A38C93791}.MinSizeRel|Win32.Build.0 = MinSizeRel|Win32
		{A2D805A9-07AA-393D-ACDB-B72A38C93791}.RelWithDebInfo|Win32.ActiveCfg = RelWithDebInfo|Win32
		{A2D805A9-07AA-393D-ACDB-B72A38C93791}.RelWithDebInfo|Win32.Build.0 = RelWithDebInfo|Win32
	EndGlobalSection
	GlobalSection(ExtensibilityGlobals) = postSolution
	EndGlobalSection
	GlobalSection(ExtensibilityAddIns) = postSolution
	EndGlobalSection
EndGlobal
